// !$*UTF8*$!
{
	archiveVersion = 1;
	classes = {
	};
	objectVersion = 46;
	objects = {

/* Begin PBXBuildFile section */
		8307223F1C1620D100B68ABB /* AppDelegate.swift in Sources */ = {isa = PBXBuildFile; fileRef = 8307223E1C1620D100B68ABB /* AppDelegate.swift */; };
		830722411C1620D100B68ABB /* ViewController.swift in Sources */ = {isa = PBXBuildFile; fileRef = 830722401C1620D100B68ABB /* ViewController.swift */; };
		830722441C1620D100B68ABB /* Main.storyboard in Resources */ = {isa = PBXBuildFile; fileRef = 830722421C1620D100B68ABB /* Main.storyboard */; };
		830722461C1620D100B68ABB /* Assets.xcassets in Resources */ = {isa = PBXBuildFile; fileRef = 830722451C1620D100B68ABB /* Assets.xcassets */; };
		830722491C1620D100B68ABB /* LaunchScreen.storyboard in Resources */ = {isa = PBXBuildFile; fileRef = 830722471C1620D100B68ABB /* LaunchScreen.storyboard */; };
/* End PBXBuildFile section */

/* Begin PBXFileReference section */
		8307223B1C1620D100B68ABB /* EmbeddedPageViewController.app */ = {isa = PBXFileReference; explicitFileType = wrapper.application; includeInIndex = 0; path = EmbeddedPageViewController.app; sourceTree = BUILT_PRODUCTS_DIR; };
		8307223E1C1620D100B68ABB /* AppDelegate.swift */ = {isa = PBXFileReference; lastKnownFileType = sourcecode.swift; path = AppDelegate.swift; sourceTree = "<group>"; };
		830722401C1620D100B68ABB /* ViewController.swift */ = {isa = PBXFileReference; lastKnownFileType = sourcecode.swift; path = ViewController.swift; sourceTree = "<group>"; };
		830722431C1620D100B68ABB /* Base */ = {isa = PBXFileReference; lastKnownFileType = file.storyboard; name = Base; path = Base.lproj/Main.storyboard; sourceTree = "<group>"; };
		830722451C1620D100B68ABB /* Assets.xcassets */ = {isa = PBXFileReference; lastKnownFileType = folder.assetcatalog; path = Assets.xcassets; sourceTree = "<group>"; };
		830722481C1620D100B68ABB /* Base */ = {isa = PBXFileReference; lastKnownFileType = file.storyboard; name = Base; path = Base.lproj/LaunchScreen.storyboard; sourceTree = "<group>"; };
		8307224A1C1620D100B68ABB /* Info.plist */ = {isa = PBXFileReference; lastKnownFileType = text.plist.xml; path = Info.plist; sourceTree = "<group>"; };
/* End PBXFileReference section */

/* Begin PBXFrameworksBuildPhase section */
		830722381C1620D100B68ABB /* Frameworks */ = {
			isa = PBXFrameworksBuildPhase;
			buildActionMask = 2147483647;
			files = (
			);
			runOnlyForDeploymentPostprocessing = 0;
		};
/* End PBXFrameworksBuildPhase section */

/* Begin PBXGroup section */
		830722321C1620D100B68ABB = {
			isa = PBXGroup;
			children = (
				8307223D1C1620D100B68ABB /* EmbeddedPageViewController */,
				8307223C1C1620D100B68ABB /* Products */,
			);
			sourceTree = "<group>";
		};
		8307223C1C1620D100B68ABB /* Products */ = {
			isa = PBXGroup;
			children = (
				8307223B1C1620D100B68ABB /* EmbeddedPageViewController.app */,
			);
			name = Products;
			sourceTree = "<group>";
		};
		8307223D1C1620D100B68ABB /* EmbeddedPageViewController */ = {
			isa = PBXGroup;
			children = (
				8307223E1C1620D100B68ABB /* AppDelegate.swift */,
				830722401C1620D100B68ABB /* ViewController.swift */,
				830722421C1620D100B68ABB /* Main.storyboard */,
				830722451C1620D100B68ABB /* Assets.xcassets */,
				830722471C1620D100B68ABB /* LaunchScreen.storyboard */,
				8307224A1C1620D100B68ABB /* Info.plist */,
			);
			path = EmbeddedPageViewController;
			sourceTree = "<group>";
		};
/* End PBXGroup section */

/* Begin PBXNativeTarget section */
		8307223A1C1620D100B68ABB /* EmbeddedPageViewController */ = {
			isa = PBXNativeTarget;
			buildConfigurationList = 8307224D1C1620D100B68ABB /* Build configuration list for PBXNativeTarget "EmbeddedPageViewController" */;
			buildPhases = (
				830722371C1620D100B68ABB /* Sources */,
				830722381C1620D100B68ABB /* Frameworks */,
				830722391C1620D100B68ABB /* Resources */,
			);
			buildRules = (
			);
			dependencies = (
			);
			name = EmbeddedPageViewController;
			productName = EmbeddedPageViewController;
			productReference = 8307223B1C1620D100B68ABB /* EmbeddedPageViewController.app */;
			productType = "com.apple.product-type.application";
		};
/* End PBXNativeTarget section */

/* Begin PBXProject section */
		830722331C1620D100B68ABB /* Project object */ = {
			isa = PBXProject;
			attributes = {
				LastSwiftUpdateCheck = 0710;
				LastUpgradeCheck = 0710;
				ORGANIZATIONNAME = "Robert Ryan";
				TargetAttributes = {
					8307223A1C1620D100B68ABB = {
						CreatedOnToolsVersion = 7.1.1;
					};
				};
			};
			buildConfigurationList = 830722361C1620D100B68ABB /* Build configuration list for PBXProject "EmbeddedPageViewController" */;
			compatibilityVersion = "Xcode 3.2";
			developmentRegion = English;
			hasScannedForEncodings = 0;
			knownRegions = (
				en,
				Base,
			);
			mainGroup = 830722321C1620D100B68ABB;
			productRefGroup = 8307223C1C1620D100B68ABB /* Products */;
			projectDirPath = "";
			projectRoot = "";
			targets = (
				8307223A1C1620D100B68ABB /* EmbeddedPageViewController */,
			);
		};
/* End PBXProject section */

/* Begin PBXResourcesBuildPhase section */
		830722391C1620D100B68ABB /* Resources */ = {
			isa = PBXResourcesBuildPhase;
			buildActionMask = 2147483647;
			files = (
				830722491C1620D100B68ABB /* LaunchScreen.storyboard in Resources */,
				830722461C1620D100B68ABB /* Assets.xcassets in Resources */,
				830722441C1620D100B68ABB /* Main.storyboard in Resources */,
			);
			runOnlyForDeploymentPostprocessing = 0;
		};
/* End PBXResourcesBuildPhase section */

/* Begin PBXSourcesBuildPhase section */
		830722371C1620D100B68ABB /* Sources */ = {
			isa = PBXSourcesBuildPhase;
			buildActionMask = 2147483647;
			files = (
				830722411C1620D100B68ABB /* ViewController.swift in Sources */,
				8307223F1C1620D100B68ABB /* AppDelegate.swift in Sources */,
			);
			runOnlyForDeploymentPostprocessing = 0;
		};
/* End PBXSourcesBuildPhase section */

/* Begin PBXVariantGroup section */
		830722421C1620D100B68ABB /* Main.storyboard */ = {
			isa = PBXVariantGroup;
			children = (
				830722431C1620D100B68ABB /* Base */,
			);
			name = Main.storyboard;
			sourceTree = "<group>";
		};
		830722471C1620D100B68ABB /* LaunchScreen.storyboard */ = {
			isa = PBXVariantGroup;
			children = (
				830722481C1620D100B68ABB /* Base */,
			);
			name = LaunchScreen.storyboard;
			sourceTree = "<group>";
		};
/* End PBXVariantGroup section */

/* Begin XCBuildConfiguration section */
		8307224B1C1620D100B68ABB /* Debug */ = {
			isa = XCBuildConfiguration;
			buildSettings = {
				ALWAYS_SEARCH_USER_PATHS = NO;
				CLANG_CXX_LANGUAGE_STANDARD = "gnu++0x";
				CLANG_CXX_LIBRARY = "libc++";
				CLANG_ENABLE_MODULES = YES;
				CLANG_ENABLE_OBJC_ARC = YES;
				CLANG_WARN_BOOL_CONVERSION = YES;
				CLANG_WARN_CONSTANT_CONVERSION = YES;
				CLANG_WARN_DIRECT_OBJC_ISA_USAGE = YES_ERROR;
				CLANG_WARN_EMPTY_BODY = YES;
				CLANG_WARN_ENUM_CONVERSION = YES;
				CLANG_WARN_INT_CONVERSION = YES;
				CLANG_WARN_OBJC_ROOT_CLASS = YES_ERROR;
				CLANG_WARN_UNREACHABLE_CODE = YES;
				CLANG_WARN__DUPLICATE_METHOD_MATCH = YES;
				"CODE_SIGN_IDENTITY[sdk=iphoneos*]" = "iPhone Developer";
				COPY_PHASE_STRIP = NO;
				DEBUG_INFORMATION_FORMAT = dwarf;
				ENABLE_STRICT_OBJC_MSGSEND = YES;
				ENABLE_TESTABILITY = YES;
				GCC_C_LANGUAGE_STANDARD = gnu99;
				GCC_DYNAMIC_NO_PIC = NO;
				GCC_NO_COMMON_BLOCKS = YES;
				GCC_OPTIMIZATION_LEVEL = 0;
				GCC_PREPROCESSOR_DEFINITIONS = (
					"DEBUG=1",
					"$(inherited)",
				);
				GCC_WARN_64_TO_32_BIT_CONVERSION = YES;
				GCC_WARN_ABOUT_RETURN_TYPE = YES_ERROR;
				GCC_WARN_UNDECLARED_SELECTOR = YES;
				GCC_WARN_UNINITIALIZED_AUTOS = YES_AGGRESSIVE;
				GCC_WARN_UNUSED_FUNCTION = YES;
				GCC_WARN_UNUSED_VARIABLE = YES;
				IPHONEOS_DEPLOYMENT_TARGET = 9.1;
				MTL_ENABLE_DEBUG_INFO = YES;
				ONLY_ACTIVE_ARCH = YES;
				SDKROOT = iphoneos;
				SWIFT_OPTIMIZATION_LEVEL = "-Onone";
			};
			name = Debug;
		};
		8307224C1C1620D100B68ABB /* Release */ = {
			isa = XCBuildConfiguration;
			buildSettings = {
				ALWAYS_SEARCH_USER_PATHS = NO;
				CLANG_CXX_LANGUAGE_STANDARD = "gnu++0x";
				CLANG_CXX_LIBRARY = "libc++";
				CLANG_ENABLE_MODULES = YES;
				CLANG_ENABLE_OBJC_ARC = YES;
				CLANG_WARN_BOOL_CONVERSION = YES;
				CLANG_WARN_CONSTANT_CONVERSION = YES;
				CLANG_WARN_DIRECT_OBJC_ISA_USAGE = YES_ERROR;
				CLANG_WARN_EMPTY_BODY = YES;
				CLANG_WARN_ENUM_CONVERSION = YES;
				CLANG_WARN_INT_CONVERSION = YES;
				CLANG_WARN_OBJC_ROOT_CLASS = YES_ERROR;
				CLANG_WARN_UNREACHABLE_CODE = YES;
				CLANG_WARN__DUPLICATE_METHOD_MATCH = YES;
				"CODE_SIGN_IDENTITY[sdk=iphoneos*]" = "iPhone Developer";
				COPY_PHASE_STRIP = NO;
				DEBUG_INFORMATION_FORMAT = "dwarf-with-dsym";
				ENABLE_NS_ASSERTIONS = NO;
				ENABLE_STRICT_OBJC_MSGSEND = YES;
				GCC_C_LANGUAGE_STANDARD = gnu99;
				GCC_NO_COMMON_BLOCKS = YES;
				GCC_WARN_64_TO_32_BIT_CONVERSION = YES;
				GCC_WARN_ABOUT_RETURN_TYPE = YES_ERROR;
				GCC_WARN_UNDECLARED_SELECTOR = YES;
				GCC_WARN_UNINITIALIZED_AUTOS = YES_AGGRESSIVE;
				GCC_WARN_UNUSED_FUNCTION = YES;
				GCC_WARN_UNUSED_VARIABLE = YES;
				IPHONEOS_DEPLOYMENT_TARGET = 9.1;
				MTL_ENABLE_DEBUG_INFO = NO;
				SDKROOT = iphoneos;
				VALIDATE_PRODUCT = YES;
			};
			name = Release;
		};
		8307224E1C1620D100B68ABB /* Debug */ = {
			isa = XCBuildConfiguration;
			buildSettings = {
				ASSETCATALOG_COMPILER_APPICON_NAME = AppIcon;
				INFOPLIST_FILE = EmbeddedPageViewController/Info.plist;
				LD_RUNPATH_SEARCH_PATHS = "$(inherited) @executable_path/Frameworks";
				PRODUCT_BUNDLE_IDENTIFIER = com.robertmryan.EmbeddedPageViewController;
				PRODUCT_NAME = "$(TARGET_NAME)";
			};
			name = Debug;
		};
		8307224F1C1620D100B68ABB /* Release */ = {
			isa = XCBuildConfiguration;
			buildSettings = {
				ASSETCATALOG_COMPILER_APPICON_NAME = AppIcon;
				INFOPLIST_FILE = EmbeddedPageViewController/Info.plist;
				LD_RUNPATH_SEARCH_PATHS = "$(inherited) @executable_path/Frameworks";
				PRODUCT_BUNDLE_IDENTIFIER = com.robertmryan.EmbeddedPageViewController;
				PRODUCT_NAME = "$(TARGET_NAME)";
			};
			name = Release;
		};
/* End XCBuildConfiguration section */

/* Begin XCConfigurationList section */
		830722361C1620D100B68ABB /* Build configuration list for PBXProject "EmbeddedPageViewController" */ = {
			isa = XCConfigurationList;
			buildConfigurations = (
				8307224B1C1620D100B68ABB /* Debug */,
				8307224C1C1620D100B68ABB /* Release */,
			);
			defaultConfigurationIsVisible = 0;
			defaultConfigurationName = Release;
		};
		8307224D1C1620D100B68ABB /* Build configuration list for PBXNativeTarget "EmbeddedPageViewController" */ = {
			isa = XCConfigurationList;
			buildConfigurations = (
				8307224E1C1620D100B68ABB /* Debug */,
				8307224F1C1620D100B68ABB /* Release */,
			);
			defaultConfigurationIsVisible = 0;
		};
/* End XCConfigurationList section */
	};
	rootObject = 830722331C1620D100B68ABB /* Project object */;
}
